
Microsoft Visual Studio Solution File, Format Version 12.00
# Visual Studio Version 16
VisualStudioVersion = 16.0.29709.97
MinimumVisualStudioVersion = 10.0.40219.1
Project("{F184B08F-C81C-45F6-A57F-5ABD9991F28F}") = "Group64", "Group64\Group64.vbproj", "{3FFAF552-0B30-4095-A7BC-52C6CA176A12}"
EndProject
Global
	GlobalSection(SolutionConfigurationPlatforms) = preSolution
		Debug|Any CPU = Debug|Any CPU
		Release|Any CPU = Release|Any CPU
	EndGlobalSection
	GlobalSection(ProjectConfigurationPlatforms) = postSolution
		{3FFAF552-0B30-4095-A7BC-52C6CA176A12}.Debug|Any CPU.ActiveCfg = Debug|Any CPU
		{3FFAF552-0B30-4095-A7BC-52C6CA176A12}.Debug|Any CPU.Build.0 = Debug|Any CPU
		{3FFAF552-0B30-4095-A7BC-52C6CA176A12}.Release|Any CPU.ActiveCfg = Release|Any CPU
		{3FFAF552-0B30-4095-A7BC-52C6CA176A12}.Release|Any CPU.Build.0 = Release|Any CPU
	EndGlobalSection
	GlobalSection(SolutionProperties) = preSolution
		HideSolutionNode = FALSE
	EndGlobalSection
	GlobalSection(ExtensibilityGlobals) = postSolution
		SolutionGuid = {906864BB-8039-4897-A293-04AD7E22A326}
	EndGlobalSection
EndGlobal
